// !$*UTF8*$!
{
	archiveVersion = 1;
	classes = {
	};
	objectVersion = 50;
	objects = {

/* Begin PBXBuildFile section */
		C866AFBE24C328AF001C40A0 /* AppDelegate.swift in Sources */ = {isa = PBXBuildFile; fileRef = C866AFBD24C328AF001C40A0 /* AppDelegate.swift */; };
		C866AFC024C328AF001C40A0 /* SceneDelegate.swift in Sources */ = {isa = PBXBuildFile; fileRef = C866AFBF24C328AF001C40A0 /* SceneDelegate.swift */; };
		C866AFC224C328AF001C40A0 /* ViewController.swift in Sources */ = {isa = PBXBuildFile; fileRef = C866AFC124C328AF001C40A0 /* ViewController.swift */; };
		C866AFC524C328AF001C40A0 /* Main.storyboard in Resources */ = {isa = PBXBuildFile; fileRef = C866AFC324C328AF001C40A0 /* Main.storyboard */; };
		C866AFC724C328B3001C40A0 /* Assets.xcassets in Resources */ = {isa = PBXBuildFile; fileRef = C866AFC624C328B3001C40A0 /* Assets.xcassets */; };
		C866AFCA24C328B3001C40A0 /* LaunchScreen.storyboard in Resources */ = {isa = PBXBuildFile; fileRef = C866AFC824C328B3001C40A0 /* LaunchScreen.storyboard */; };
/* End PBXBuildFile section */

/* Begin PBXFileReference section */
		C866AFBA24C328AF001C40A0 /* TextFieldValidationCombineApproach.app */ = {isa = PBXFileReference; explicitFileType = wrapper.application; includeInIndex = 0; path = TextFieldValidationCombineApproach.app; sourceTree = BUILT_PRODUCTS_DIR; };
		C866AFBD24C328AF001C40A0 /* AppDelegate.swift */ = {isa = PBXFileReference; lastKnownFileType = sourcecode.swift; path = AppDelegate.swift; sourceTree = "<group>"; };
		C866AFBF24C328AF001C40A0 /* SceneDelegate.swift */ = {isa = PBXFileReference; lastKnownFileType = sourcecode.swift; path = SceneDelegate.swift; sourceTree = "<group>"; };
		C866AFC124C328AF001C40A0 /* ViewController.swift */ = {isa = PBXFileReference; lastKnownFileType = sourcecode.swift; path = ViewController.swift; sourceTree = "<group>"; };
		C866AFC424C328AF001C40A0 /* Base */ = {isa = PBXFileReference; lastKnownFileType = file.storyboard; name = Base; path = Base.lproj/Main.storyboard; sourceTree = "<group>"; };
		C866AFC624C328B3001C40A0 /* Assets.xcassets */ = {isa = PBXFileReference; lastKnownFileType = folder.assetcatalog; path = Assets.xcassets; sourceTree = "<group>"; };
		C866AFC924C328B3001C40A0 /* Base */ = {isa = PBXFileReference; lastKnownFileType = file.storyboard; name = Base; path = Base.lproj/LaunchScreen.storyboard; sourceTree = "<group>"; };
		C866AFCB24C328B3001C40A0 /* Info.plist */ = {isa = PBXFileReference; lastKnownFileType = text.plist.xml; path = Info.plist; sourceTree = "<group>"; };
/* End PBXFileReference section */

/* Begin PBXFrameworksBuildPhase section */
		C866AFB724C328AF001C40A0 /* Frameworks */ = {
			isa = PBXFrameworksBuildPhase;
			buildActionMask = 2147483647;
			files = (
			);
			runOnlyForDeploymentPostprocessing = 0;
		};
/* End PBXFrameworksBuildPhase section */

/* Begin PBXGroup section */
		C866AFB124C328AF001C40A0 = {
			isa = PBXGroup;
			children = (
				C866AFBC24C328AF001C40A0 /* TextFieldValidationCombineApproach */,
				C866AFBB24C328AF001C40A0 /* Products */,
			);
			sourceTree = "<group>";
		};
		C866AFBB24C328AF001C40A0 /* Products */ = {
			isa = PBXGroup;
			children = (
				C866AFBA24C328AF001C40A0 /* TextFieldValidationCombineApproach.app */,
			);
			name = Products;
			sourceTree = "<group>";
		};
		C866AFBC24C328AF001C40A0 /* TextFieldValidationCombineApproach */ = {
			isa = PBXGroup;
			children = (
				C866AFBD24C328AF001C40A0 /* AppDelegate.swift */,
				C866AFBF24C328AF001C40A0 /* SceneDelegate.swift */,
				C866AFC124C328AF001C40A0 /* ViewController.swift */,
				C866AFC324C328AF001C40A0 /* Main.storyboard */,
				C866AFC624C328B3001C40A0 /* Assets.xcassets */,
				C866AFC824C328B3001C40A0 /* LaunchScreen.storyboard */,
				C866AFCB24C328B3001C40A0 /* Info.plist */,
			);
			path = TextFieldValidationCombineApproach;
			sourceTree = "<group>";
		};
/* End PBXGroup section */

/* Begin PBXNativeTarget section */
		C866AFB924C328AF001C40A0 /* TextFieldValidationCombineApproach */ = {
			isa = PBXNativeTarget;
			buildConfigurationList = C866AFCE24C328B3001C40A0 /* Build configuration list for PBXNativeTarget "TextFieldValidationCombineApproach" */;
			buildPhases = (
				C866AFB624C328AF001C40A0 /* Sources */,
				C866AFB724C328AF001C40A0 /* Frameworks */,
				C866AFB824C328AF001C40A0 /* Resources */,
			);
			buildRules = (
			);
			dependencies = (
			);
			name = TextFieldValidationCombineApproach;
			productName = TextFieldValidationCombineApproach;
			productReference = C866AFBA24C328AF001C40A0 /* TextFieldValidationCombineApproach.app */;
			productType = "com.apple.product-type.application";
		};
/* End PBXNativeTarget section */

/* Begin PBXProject section */
		C866AFB224C328AF001C40A0 /* Project object */ = {
			isa = PBXProject;
			attributes = {
				LastSwiftUpdateCheck = 1130;
				LastUpgradeCheck = 1130;
				ORGANIZATIONNAME = NinjaLabs;
				TargetAttributes = {
					C866AFB924C328AF001C40A0 = {
						CreatedOnToolsVersion = 11.3.1;
					};
				};
			};
			buildConfigurationList = C866AFB524C328AF001C40A0 /* Build configuration list for PBXProject "TextFieldValidationCombineApproach" */;
			compatibilityVersion = "Xcode 9.3";
			developmentRegion = en;
			hasScannedForEncodings = 0;
			knownRegions = (
				en,
				Base,
			);
			mainGroup = C866AFB124C328AF001C40A0;
			productRefGroup = C866AFBB24C328AF001C40A0 /* Products */;
			projectDirPath = "";
			projectRoot = "";
			targets = (
				C866AFB924C328AF001C40A0 /* TextFieldValidationCombineApproach */,
			);
		};
/* End PBXProject section */

/* Begin PBXResourcesBuildPhase section */
		C866AFB824C328AF001C40A0 /* Resources */ = {
			isa = PBXResourcesBuildPhase;
			buildActionMask = 2147483647;
			files = (
				C866AFCA24C328B3001C40A0 /* LaunchScreen.storyboard in Resources */,
				C866AFC724C328B3001C40A0 /* Assets.xcassets in Resources */,
				C866AFC524C328AF001C40A0 /* Main.storyboard in Resources */,
			);
			runOnlyForDeploymentPostprocessing = 0;
		};
/* End PBXResourcesBuildPhase section */

/* Begin PBXSourcesBuildPhase section */
		C866AFB624C328AF001C40A0 /* Sources */ = {
			isa = PBXSourcesBuildPhase;
			buildActionMask = 2147483647;
			files = (
				C866AFC224C328AF001C40A0 /* ViewController.swift in Sources */,
				C866AFBE24C328AF001C40A0 /* AppDelegate.swift in Sources */,
				C866AFC024C328AF001C40A0 /* SceneDelegate.swift in Sources */,
			);
			runOnlyForDeploymentPostprocessing = 0;
		};
/* End PBXSourcesBuildPhase section */

/* Begin PBXVariantGroup section */
		C866AFC324C328AF001C40A0 /* Main.storyboard */ = {
			isa = PBXVariantGroup;
			children = (
				C866AFC424C328AF001C40A0 /* Base */,
			);
			name = Main.storyboard;
			sourceTree = "<group>";
		};
		C866AFC824C328B3001C40A0 /* LaunchScreen.storyboard */ = {
			isa = PBXVariantGroup;
			children = (
				C866AFC924C328B3001C40A0 /* Base */,
			);
			name = LaunchScreen.storyboard;
			sourceTree = "<group>";
		};
/* End PBXVariantGroup section */

/* Begin XCBuildConfiguration section */
		C866AFCC24C328B3001C40A0 /* Debug */ = {
			isa = XCBuildConfiguration;
			buildSettings = {
				ALWAYS_SEARCH_USER_PATHS = NO;
				CLANG_ANALYZER_NONNULL = YES;
				CLANG_ANALYZER_NUMBER_OBJECT_CONVERSION = YES_AGGRESSIVE;
				CLANG_CXX_LANGUAGE_STANDARD = "gnu++14";
				CLANG_CXX_LIBRARY = "libc++";
				CLANG_ENABLE_MODULES = YES;
				CLANG_ENABLE_OBJC_ARC = YES;
				CLANG_ENABLE_OBJC_WEAK = YES;
				CLANG_WARN_BLOCK_CAPTURE_AUTORELEASING = YES;
				CLANG_WARN_BOOL_CONVERSION = YES;
				CLANG_WARN_COMMA = YES;
				CLANG_WARN_CONSTANT_CONVERSION = YES;
				CLANG_WARN_DEPRECATED_OBJC_IMPLEMENTATIONS = YES;
				CLANG_WARN_DIRECT_OBJC_ISA_USAGE = YES_ERROR;
				CLANG_WARN_DOCUMENTATION_COMMENTS = YES;
				CLANG_WARN_EMPTY_BODY = YES;
				CLANG_WARN_ENUM_CONVERSION = YES;
				CLANG_WARN_INFINITE_RECURSION = YES;
				CLANG_WARN_INT_CONVERSION = YES;
				CLANG_WARN_NON_LITERAL_NULL_CONVERSION = YES;
				CLANG_WARN_OBJC_IMPLICIT_RETAIN_SELF = YES;
				CLANG_WARN_OBJC_LITERAL_CONVERSION = YES;
				CLANG_WARN_OBJC_ROOT_CLASS = YES_ERROR;
				CLANG_WARN_RANGE_LOOP_ANALYSIS = YES;
				CLANG_WARN_STRICT_PROTOTYPES = YES;
				CLANG_WARN_SUSPICIOUS_MOVE = YES;
				CLANG_WARN_UNGUARDED_AVAILABILITY = YES_AGGRESSIVE;
				CLANG_WARN_UNREACHABLE_CODE = YES;
				CLANG_WARN__DUPLICATE_METHOD_MATCH = YES;
				COPY_PHASE_STRIP = NO;
				DEBUG_INFORMATION_FORMAT = dwarf;
				ENABLE_STRICT_OBJC_MSGSEND = YES;
				ENABLE_TESTABILITY = YES;
				GCC_C_LANGUAGE_STANDARD = gnu11;
				GCC_DYNAMIC_NO_PIC = NO;
				GCC_NO_COMMON_BLOCKS = YES;
				GCC_OPTIMIZATION_LEVEL = 0;
				GCC_PREPROCESSOR_DEFINITIONS = (
					"DEBUG=1",
					"$(inherited)",
				);
				GCC_WARN_64_TO_32_BIT_CONVERSION = YES;
				GCC_WARN_ABOUT_RETURN_TYPE = YES_ERROR;
				GCC_WARN_UNDECLARED_SELECTOR = YES;
				GCC_WARN_UNINITIALIZED_AUTOS = YES_AGGRESSIVE;
				GCC_WARN_UNUSED_FUNCTION = YES;
				GCC_WARN_UNUSED_VARIABLE = YES;
				IPHONEOS_DEPLOYMENT_TARGET = 13.2;
				MTL_ENABLE_DEBUG_INFO = INCLUDE_SOURCE;
				MTL_FAST_MATH = YES;
				ONLY_ACTIVE_ARCH = YES;
				SDKROOT = iphoneos;
				SWIFT_ACTIVE_COMPILATION_CONDITIONS = DEBUG;
				SWIFT_OPTIMIZATION_LEVEL = "-Onone";
			};
			name = Debug;
		};
		C866AFCD24C328B3001C40A0 /* Release */ = {
			isa = XCBuildConfiguration;
			buildSettings = {
				ALWAYS_SEARCH_USER_PATHS = NO;
				CLANG_ANALYZER_NONNULL = YES;
				CLANG_ANALYZER_NUMBER_OBJECT_CONVERSION = YES_AGGRESSIVE;
				CLANG_CXX_LANGUAGE_STANDARD = "gnu++14";
				CLANG_CXX_LIBRARY = "libc++";
				CLANG_ENABLE_MODULES = YES;
				CLANG_ENABLE_OBJC_ARC = YES;
				CLANG_ENABLE_OBJC_WEAK = YES;
				CLANG_WARN_BLOCK_CAPTURE_AUTORELEASING = YES;
				CLANG_WARN_BOOL_CONVERSION = YES;
				CLANG_WARN_COMMA = YES;
				CLANG_WARN_CONSTANT_CONVERSION = YES;
				CLANG_WARN_DEPRECATED_OBJC_IMPLEMENTATIONS = YES;
				CLANG_WARN_DIRECT_OBJC_ISA_USAGE = YES_ERROR;
				CLANG_WARN_DOCUMENTATION_COMMENTS = YES;
				CLANG_WARN_EMPTY_BODY = YES;
				CLANG_WARN_ENUM_CONVERSION = YES;
				CLANG_WARN_INFINITE_RECURSION = YES;
				CLANG_WARN_INT_CONVERSION = YES;
				CLANG_WARN_NON_LITERAL_NULL_CONVERSION = YES;
				CLANG_WARN_OBJC_IMPLICIT_RETAIN_SELF = YES;
				CLANG_WARN_OBJC_LITERAL_CONVERSION = YES;
				CLANG_WARN_OBJC_ROOT_CLASS = YES_ERROR;
				CLANG_WARN_RANGE_LOOP_ANALYSIS = YES;
				CLANG_WARN_STRICT_PROTOTYPES = YES;
				CLANG_WARN_SUSPICIOUS_MOVE = YES;
				CLANG_WARN_UNGUARDED_AVAILABILITY = YES_AGGRESSIVE;
				CLANG_WARN_UNREACHABLE_CODE = YES;
				CLANG_WARN__DUPLICATE_METHOD_MATCH = YES;
				COPY_PHASE_STRIP = NO;
				DEBUG_INFORMATION_FORMAT = "dwarf-with-dsym";
				ENABLE_NS_ASSERTIONS = NO;
				ENABLE_STRICT_OBJC_MSGSEND = YES;
				GCC_C_LANGUAGE_STANDARD = gnu11;
				GCC_NO_COMMON_BLOCKS = YES;
				GCC_WARN_64_TO_32_BIT_CONVERSION = YES;
				GCC_WARN_ABOUT_RETURN_TYPE = YES_ERROR;
				GCC_WARN_UNDECLARED_SELECTOR = YES;
				GCC_WARN_UNINITIALIZED_AUTOS = YES_AGGRESSIVE;
				GCC_WARN_UNUSED_FUNCTION = YES;
				GCC_WARN_UNUSED_VARIABLE = YES;
				IPHONEOS_DEPLOYMENT_TARGET = 13.2;
				MTL_ENABLE_DEBUG_INFO = NO;
				MTL_FAST_MATH = YES;
				SDKROOT = iphoneos;
				SWIFT_COMPILATION_MODE = wholemodule;
				SWIFT_OPTIMIZATION_LEVEL = "-O";
				VALIDATE_PRODUCT = YES;
			};
			name = Release;
		};
		C866AFCF24C328B3001C40A0 /* Debug */ = {
			isa = XCBuildConfiguration;
			buildSettings = {
				ASSETCATALOG_COMPILER_APPICON_NAME = AppIcon;
				CODE_SIGN_STYLE = Automatic;
				INFOPLIST_FILE = TextFieldValidationCombineApproach/Info.plist;
				LD_RUNPATH_SEARCH_PATHS = (
					"$(inherited)",
					"@executable_path/Frameworks",
				);
				PRODUCT_BUNDLE_IDENTIFIER = us.ninjacoding.TextFieldValidationCombineApproach;
				PRODUCT_NAME = "$(TARGET_NAME)";
				SWIFT_VERSION = 5.0;
				TARGETED_DEVICE_FAMILY = "1,2";
			};
			name = Debug;
		};
		C866AFD024C328B3001C40A0 /* Release */ = {
			isa = XCBuildConfiguration;
			buildSettings = {
				ASSETCATALOG_COMPILER_APPICON_NAME = AppIcon;
				CODE_SIGN_STYLE = Automatic;
				INFOPLIST_FILE = TextFieldValidationCombineApproach/Info.plist;
				LD_RUNPATH_SEARCH_PATHS = (
					"$(inherited)",
					"@executable_path/Frameworks",
				);
				PRODUCT_BUNDLE_IDENTIFIER = us.ninjacoding.TextFieldValidationCombineApproach;
				PRODUCT_NAME = "$(TARGET_NAME)";
				SWIFT_VERSION = 5.0;
				TARGETED_DEVICE_FAMILY = "1,2";
			};
			name = Release;
		};
/* End XCBuildConfiguration section */

/* Begin XCConfigurationList section */
		C866AFB524C328AF001C40A0 /* Build configuration list for PBXProject "TextFieldValidationCombineApproach" */ = {
			isa = XCConfigurationList;
			buildConfigurations = (
				C866AFCC24C328B3001C40A0 /* Debug */,
				C866AFCD24C328B3001C40A0 /* Release */,
			);
			defaultConfigurationIsVisible = 0;
			defaultConfigurationName = Release;
		};
		C866AFCE24C328B3001C40A0 /* Build configuration list for PBXNativeTarget "TextFieldValidationCombineApproach" */ = {
			isa = XCConfigurationList;
			buildConfigurations = (
				C866AFCF24C328B3001C40A0 /* Debug */,
				C866AFD024C328B3001C40A0 /* Release */,
			);
			defaultConfigurationIsVisible = 0;
			defaultConfigurationName = Release;
		};
/* End XCConfigurationList section */
	};
	rootObject = C866AFB224C328AF001C40A0 /* Project object */;
}
